
Microsoft Visual Studio Solution File, Format Version 12.00
# Visual Studio 2012
Project("{8BC9CEB8-8B4A-11D0-8D11-00A0C91BC942}") = "Pong", "Pong 2.0\Pong 2.0.vcxproj", "{0C8DE095-D13B-4E34-A89A-226A18C95348}"
	ProjectSection(ProjectDependencies) = postProject
		{B605C4E2-247F-4C57-A646-CA461E398065} = {B605C4E2-247F-4C57-A646-CA461E398065}
		{941509E7-7F08-4DF8-9602-C352820B552A} = {941509E7-7F08-4DF8-9602-C352820B552A}
		{16873EF0-1B9B-430A-9B3F-A1C488FB8CB9} = {16873EF0-1B9B-430A-9B3F-A1C488FB8CB9}
	EndProjectSection
EndProject
Project("{8BC9CEB8-8B4A-11D0-8D11-00A0C91BC942}") = "Globals", "Globals\Globals.vcxproj", "{941509E7-7F08-4DF8-9602-C352820B552A}"
EndProject
Project("{8BC9CEB8-8B4A-11D0-8D11-00A0C91BC942}") = "UI", "UI\UI.vcxproj", "{16873EF0-1B9B-430A-9B3F-A1C488FB8CB9}"
	ProjectSection(ProjectDependencies) = postProject
		{941509E7-7F08-4DF8-9602-C352820B552A} = {941509E7-7F08-4DF8-9602-C352820B552A}
	EndProjectSection
EndProject
Project("{8BC9CEB8-8B4A-11D0-8D11-00A0C91BC942}") = "Game", "Game\Game.vcxproj", "{B605C4E2-247F-4C57-A646-CA461E398065}"
	ProjectSection(ProjectDependencies) = postProject
		{941509E7-7F08-4DF8-9602-C352820B552A} = {941509E7-7F08-4DF8-9602-C352820B552A}
		{16873EF0-1B9B-430A-9B3F-A1C488FB8CB9} = {16873EF0-1B9B-430A-9B3F-A1C488FB8CB9}
	EndProjectSection
EndProject
Global
	GlobalSection(SolutionConfigurationPlatforms) = preSolution
		Debug|Win32 = Debug|Win32
		Release|Win32 = Release|Win32
	EndGlobalSection
	GlobalSection(ProjectConfigurationPlatforms) = postSolution
		{0C8DE095-D13B-4E34-A89A-226A18C95348}.Debug|Win32.ActiveCfg = Debug|Win32
		{0C8DE095-D13B-4E34-A89A-226A18C95348}.Debug|Win32.Build.0 = Debug|Win32
		{0C8DE095-D13B-4E34-A89A-226A18C95348}.Release|Win32.ActiveCfg = Release|Win32
		{0C8DE095-D13B-4E34-A89A-226A18C95348}.Release|Win32.Build.0 = Release|Win32
		{941509E7-7F08-4DF8-9602-C352820B552A}.Debug|Win32.ActiveCfg = Debug|Win32
		{941509E7-7F08-4DF8-9602-C352820B552A}.Debug|Win32.Build.0 = Debug|Win32
		{941509E7-7F08-4DF8-9602-C352820B552A}.Release|Win32.ActiveCfg = Release|Win32
		{941509E7-7F08-4DF8-9602-C352820B552A}.Release|Win32.Build.0 = Release|Win32
		{16873EF0-1B9B-430A-9B3F-A1C488FB8CB9}.Debug|Win32.ActiveCfg = Debug|Win32
		{16873EF0-1B9B-430A-9B3F-A1C488FB8CB9}.Debug|Win32.Build.0 = Debug|Win32
		{16873EF0-1B9B-430A-9B3F-A1C488FB8CB9}.Release|Win32.ActiveCfg = Release|Win32
		{16873EF0-1B9B-430A-9B3F-A1C488FB8CB9}.Release|Win32.Build.0 = Release|Win32
		{B605C4E2-247F-4C57-A646-CA461E398065}.Debug|Win32.ActiveCfg = Debug|Win32
		{B605C4E2-247F-4C57-A646-CA461E398065}.Debug|Win32.Build.0 = Debug|Win32
		{B605C4E2-247F-4C57-A646-CA461E398065}.Release|Win32.ActiveCfg = Release|Win32
		{B605C4E2-247F-4C57-A646-CA461E398065}.Release|Win32.Build.0 = Release|Win32
	EndGlobalSection
	GlobalSection(SolutionProperties) = preSolution
		HideSolutionNode = FALSE
	EndGlobalSection
EndGlobal
